
Microsoft Visual Studio Solution File, Format Version 12.00
# Visual Studio Version 17
VisualStudioVersion = 17.1.32328.378
MinimumVisualStudioVersion = 10.0.40219.1
Project("{FAE04EC0-301F-11D3-BF4B-00C04F79EFBC}") = "WasmDemo.Server", "Server\WasmDemo.Server.csproj", "{D7508EB1-D6C1-4CAE-94E4-26B8FBC59C98}"
EndProject
Project("{FAE04EC0-301F-11D3-BF4B-00C04F79EFBC}") = "WasmDemo.Client", "Client\WasmDemo.Client.csproj", "{7640DFB1-A2E7-4CC4-AB99-757359B18ABB}"
EndProject
Project("{FAE04EC0-301F-11D3-BF4B-00C04F79EFBC}") = "WasmDemo.Shared", "Shared\WasmDemo.Shared.csproj", "{0D9F6FC1-982B-4480-8C23-CB648EE660F3}"
EndProject
Global
	GlobalSection(SolutionConfigurationPlatforms) = preSolution
		Debug|Any CPU = Debug|Any CPU
		Release|Any CPU = Release|Any CPU
	EndGlobalSection
	GlobalSection(ProjectConfigurationPlatforms) = postSolution
		{D7508EB1-D6C1-4CAE-94E4-26B8FBC59C98}.Debug|Any CPU.ActiveCfg = Debug|Any CPU
		{D7508EB1-D6C1-4CAE-94E4-26B8FBC59C98}.Debug|Any CPU.Build.0 = Debug|Any CPU
		{D7508EB1-D6C1-4CAE-94E4-26B8FBC59C98}.Release|Any CPU.ActiveCfg = Release|Any CPU
		{D7508EB1-D6C1-4CAE-94E4-26B8FBC59C98}.Release|Any CPU.Build.0 = Release|Any CPU
		{7640DFB1-A2E7-4CC4-AB99-757359B18ABB}.Debug|Any CPU.ActiveCfg = Debug|Any CPU
		{7640DFB1-A2E7-4CC4-AB99-757359B18ABB}.Debug|Any CPU.Build.0 = Debug|Any CPU
		{7640DFB1-A2E7-4CC4-AB99-757359B18ABB}.Release|Any CPU.ActiveCfg = Release|Any CPU
		{7640DFB1-A2E7-4CC4-AB99-757359B18ABB}.Release|Any CPU.Build.0 = Release|Any CPU
		{0D9F6FC1-982B-4480-8C23-CB648EE660F3}.Debug|Any CPU.ActiveCfg = Debug|Any CPU
		{0D9F6FC1-982B-4480-8C23-CB648EE660F3}.Debug|Any CPU.Build.0 = Debug|Any CPU
		{0D9F6FC1-982B-4480-8C23-CB648EE660F3}.Release|Any CPU.ActiveCfg = Release|Any CPU
		{0D9F6FC1-982B-4480-8C23-CB648EE660F3}.Release|Any CPU.Build.0 = Release|Any CPU
	EndGlobalSection
	GlobalSection(SolutionProperties) = preSolution
		HideSolutionNode = FALSE
	EndGlobalSection
	GlobalSection(ExtensibilityGlobals) = postSolution
		SolutionGuid = {0475E6E5-C3BD-4AB7-A69E-A58585FF4192}
	EndGlobalSection
EndGlobal
